{
  "requires": true,
  "lockfileVersion": 1,
  "dependencies": {
    "@types/graphlib": {
      "version": "2.1.8",
      "resolved": "http://shr-util-nexus.akc.org/repository/npm-all/@types/graphlib/-/graphlib-2.1.8.tgz",
      "integrity": "sha512-8nbbyD3zABRA9ePoBgAl2ym8cIwKQXTfv1gaIRTdY99yEOCaHfmjBeRp+BIemS8NtOqoWK7mfzWxjNrxLK3T5w==",
      "dev": true
    }
  }
}
